{
  "name": "rsp-wasm",
  "version": "1.0.0",
  "lockfileVersion": 3,
  "requires": true,
  "packages": {
    "": {
      "name": "rsp-wasm",
      "version": "1.0.0",
      "license": "ISC",
      "devDependencies": {
        "armips": "^1.0.0"
      }
    },
    "node_modules/armips": {
      "version": "1.0.0",
      "resolved": "https://registry.npmjs.org/armips/-/armips-1.0.0.tgz",
      "integrity": "sha512-joXBzBHdHpLlPLp0G5chS8X0uqXShJOdWYmZJNe85bC/Pvb23almlixtVyklWCl70o8zl5sPXwxQ73ElFd0+Aw==",
      "dev": true,
      "license": "MIT"
    }
  }
}
